// !$*UTF8*$!
{
	archiveVersion = 1;
	classes = {
	};
	objectVersion = 56;
	objects = {

/* Begin PBXBuildFile section */
		CE5DB62C29FC1AFC005D4369 /* Localizable.strings in Resources */ = {isa = PBXBuildFile; fileRef = CE5DB62E29FC1AFC005D4369 /* Localizable.strings */; };
		CED6E45329FAF2CF003DE15E /* GuessCountryApp.swift in Sources */ = {isa = PBXBuildFile; fileRef = CED6E45229FAF2CF003DE15E /* GuessCountryApp.swift */; };
		CED6E45729FAF2D0003DE15E /* Assets.xcassets in Resources */ = {isa = PBXBuildFile; fileRef = CED6E45629FAF2D0003DE15E /* Assets.xcassets */; };
		CED6E45A29FAF2D0003DE15E /* Preview Assets.xcassets in Resources */ = {isa = PBXBuildFile; fileRef = CED6E45929FAF2D0003DE15E /* Preview Assets.xcassets */; };
		CED6E46229FAF37B003DE15E /* DataManager.swift in Sources */ = {isa = PBXBuildFile; fileRef = CED6E46029FAF37B003DE15E /* DataManager.swift */; };
		CED6E46329FAF37B003DE15E /* FlagView.swift in Sources */ = {isa = PBXBuildFile; fileRef = CED6E46129FAF37B003DE15E /* FlagView.swift */; };
		CED6E46929FAF3A4003DE15E /* DataManegerCapitals.swift in Sources */ = {isa = PBXBuildFile; fileRef = CED6E46529FAF3A4003DE15E /* DataManegerCapitals.swift */; };
		CED6E46A29FAF3A4003DE15E /* CapitalView.swift in Sources */ = {isa = PBXBuildFile; fileRef = CED6E46629FAF3A4003DE15E /* CapitalView.swift */; };
		CED6E46B29FAF3A4003DE15E /* MainView.swift in Sources */ = {isa = PBXBuildFile; fileRef = CED6E46729FAF3A4003DE15E /* MainView.swift */; };
		CED6E46C29FAF3A4003DE15E /* CountryView.swift in Sources */ = {isa = PBXBuildFile; fileRef = CED6E46829FAF3A4003DE15E /* CountryView.swift */; };
		CED6E46F29FAF401003DE15E /* WelcomeView.swift in Sources */ = {isa = PBXBuildFile; fileRef = CED6E46E29FAF401003DE15E /* WelcomeView.swift */; };
		CED6E47229FAF442003DE15E /* TextModifiers.swift in Sources */ = {isa = PBXBuildFile; fileRef = CED6E47129FAF442003DE15E /* TextModifiers.swift */; };
		CED6E47429FAF448003DE15E /* ShimmerEffect.swift in Sources */ = {isa = PBXBuildFile; fileRef = CED6E47329FAF448003DE15E /* ShimmerEffect.swift */; };
		CED6E47629FAF932003DE15E /* SearchView.swift in Sources */ = {isa = PBXBuildFile; fileRef = CED6E47529FAF932003DE15E /* SearchView.swift */; };
/* End PBXBuildFile section */

/* Begin PBXFileReference section */
		CE5DB62D29FC1AFC005D4369 /* en */ = {isa = PBXFileReference; lastKnownFileType = text.plist.strings; name = en; path = en.lproj/Localizable.strings; sourceTree = "<group>"; };
		CE5DB62F29FC1B00005D4369 /* ru */ = {isa = PBXFileReference; lastKnownFileType = text.plist.strings; name = ru; path = ru.lproj/Localizable.strings; sourceTree = "<group>"; };
		CED6E44F29FAF2CF003DE15E /* GuessCountry.app */ = {isa = PBXFileReference; explicitFileType = wrapper.application; includeInIndex = 0; path = GuessCountry.app; sourceTree = BUILT_PRODUCTS_DIR; };
		CED6E45229FAF2CF003DE15E /* GuessCountryApp.swift */ = {isa = PBXFileReference; lastKnownFileType = sourcecode.swift; path = GuessCountryApp.swift; sourceTree = "<group>"; };
		CED6E45629FAF2D0003DE15E /* Assets.xcassets */ = {isa = PBXFileReference; lastKnownFileType = folder.assetcatalog; path = Assets.xcassets; sourceTree = "<group>"; };
		CED6E45929FAF2D0003DE15E /* Preview Assets.xcassets */ = {isa = PBXFileReference; lastKnownFileType = folder.assetcatalog; path = "Preview Assets.xcassets"; sourceTree = "<group>"; };
		CED6E46029FAF37B003DE15E /* DataManager.swift */ = {isa = PBXFileReference; fileEncoding = 4; lastKnownFileType = sourcecode.swift; path = DataManager.swift; sourceTree = "<group>"; };
		CED6E46129FAF37B003DE15E /* FlagView.swift */ = {isa = PBXFileReference; fileEncoding = 4; lastKnownFileType = sourcecode.swift; path = FlagView.swift; sourceTree = "<group>"; };
		CED6E46529FAF3A4003DE15E /* DataManegerCapitals.swift */ = {isa = PBXFileReference; fileEncoding = 4; lastKnownFileType = sourcecode.swift; path = DataManegerCapitals.swift; sourceTree = "<group>"; };
		CED6E46629FAF3A4003DE15E /* CapitalView.swift */ = {isa = PBXFileReference; fileEncoding = 4; lastKnownFileType = sourcecode.swift; path = CapitalView.swift; sourceTree = "<group>"; };
		CED6E46729FAF3A4003DE15E /* MainView.swift */ = {isa = PBXFileReference; fileEncoding = 4; lastKnownFileType = sourcecode.swift; path = MainView.swift; sourceTree = "<group>"; };
		CED6E46829FAF3A4003DE15E /* CountryView.swift */ = {isa = PBXFileReference; fileEncoding = 4; lastKnownFileType = sourcecode.swift; path = CountryView.swift; sourceTree = "<group>"; };
		CED6E46E29FAF401003DE15E /* WelcomeView.swift */ = {isa = PBXFileReference; fileEncoding = 4; lastKnownFileType = sourcecode.swift; path = WelcomeView.swift; sourceTree = "<group>"; };
		CED6E47129FAF442003DE15E /* TextModifiers.swift */ = {isa = PBXFileReference; fileEncoding = 4; lastKnownFileType = sourcecode.swift; path = TextModifiers.swift; sourceTree = "<group>"; };
		CED6E47329FAF448003DE15E /* ShimmerEffect.swift */ = {isa = PBXFileReference; fileEncoding = 4; lastKnownFileType = sourcecode.swift; path = ShimmerEffect.swift; sourceTree = "<group>"; };
		CED6E47529FAF932003DE15E /* SearchView.swift */ = {isa = PBXFileReference; lastKnownFileType = sourcecode.swift; path = SearchView.swift; sourceTree = "<group>"; };
/* End PBXFileReference section */

/* Begin PBXFrameworksBuildPhase section */
		CED6E44C29FAF2CF003DE15E /* Frameworks */ = {
			isa = PBXFrameworksBuildPhase;
			buildActionMask = 2147483647;
			files = (
			);
			runOnlyForDeploymentPostprocessing = 0;
		};
/* End PBXFrameworksBuildPhase section */

/* Begin PBXGroup section */
		CED6E44629FAF2CF003DE15E = {
			isa = PBXGroup;
			children = (
				CED6E45129FAF2CF003DE15E /* GuessCountry */,
				CED6E45029FAF2CF003DE15E /* Products */,
			);
			sourceTree = "<group>";
		};
		CED6E45029FAF2CF003DE15E /* Products */ = {
			isa = PBXGroup;
			children = (
				CED6E44F29FAF2CF003DE15E /* GuessCountry.app */,
			);
			name = Products;
			sourceTree = "<group>";
		};
		CED6E45129FAF2CF003DE15E /* GuessCountry */ = {
			isa = PBXGroup;
			children = (
				CED6E45229FAF2CF003DE15E /* GuessCountryApp.swift */,
				CED6E46E29FAF401003DE15E /* WelcomeView.swift */,
				CED6E46D29FAF3AC003DE15E /* CapitalsAndCountries */,
				CED6E46429FAF381003DE15E /* Flags */,
				CED6E47029FAF42B003DE15E /* Settings */,
				CED6E45629FAF2D0003DE15E /* Assets.xcassets */,
				CE5DB62E29FC1AFC005D4369 /* Localizable.strings */,
				CED6E45829FAF2D0003DE15E /* Preview Content */,
			);
			path = GuessCountry;
			sourceTree = "<group>";
		};
		CED6E45829FAF2D0003DE15E /* Preview Content */ = {
			isa = PBXGroup;
			children = (
				CED6E45929FAF2D0003DE15E /* Preview Assets.xcassets */,
			);
			path = "Preview Content";
			sourceTree = "<group>";
		};
		CED6E46429FAF381003DE15E /* Flags */ = {
			isa = PBXGroup;
			children = (
				CED6E46129FAF37B003DE15E /* FlagView.swift */,
				CED6E46029FAF37B003DE15E /* DataManager.swift */,
			);
			path = Flags;
			sourceTree = "<group>";
		};
		CED6E46D29FAF3AC003DE15E /* CapitalsAndCountries */ = {
			isa = PBXGroup;
			children = (
				CED6E46729FAF3A4003DE15E /* MainView.swift */,
				CED6E46829FAF3A4003DE15E /* CountryView.swift */,
				CED6E46629FAF3A4003DE15E /* CapitalView.swift */,
				CED6E47529FAF932003DE15E /* SearchView.swift */,
				CED6E46529FAF3A4003DE15E /* DataManegerCapitals.swift */,
			);
			path = CapitalsAndCountries;
			sourceTree = "<group>";
		};
		CED6E47029FAF42B003DE15E /* Settings */ = {
			isa = PBXGroup;
			children = (
				CED6E47129FAF442003DE15E /* TextModifiers.swift */,
				CED6E47329FAF448003DE15E /* ShimmerEffect.swift */,
			);
			path = Settings;
			sourceTree = "<group>";
		};
/* End PBXGroup section */

/* Begin PBXNativeTarget section */
		CED6E44E29FAF2CF003DE15E /* GuessCountry */ = {
			isa = PBXNativeTarget;
			buildConfigurationList = CED6E45D29FAF2D0003DE15E /* Build configuration list for PBXNativeTarget "GuessCountry" */;
			buildPhases = (
				CED6E44B29FAF2CF003DE15E /* Sources */,
				CED6E44C29FAF2CF003DE15E /* Frameworks */,
				CED6E44D29FAF2CF003DE15E /* Resources */,
			);
			buildRules = (
			);
			dependencies = (
			);
			name = GuessCountry;
			productName = GuessCountry;
			productReference = CED6E44F29FAF2CF003DE15E /* GuessCountry.app */;
			productType = "com.apple.product-type.application";
		};
/* End PBXNativeTarget section */

/* Begin PBXProject section */
		CED6E44729FAF2CF003DE15E /* Project object */ = {
			isa = PBXProject;
			attributes = {
				BuildIndependentTargetsInParallel = 1;
				LastSwiftUpdateCheck = 1430;
				LastUpgradeCheck = 1430;
				TargetAttributes = {
					CED6E44E29FAF2CF003DE15E = {
						CreatedOnToolsVersion = 14.3;
					};
				};
			};
			buildConfigurationList = CED6E44A29FAF2CF003DE15E /* Build configuration list for PBXProject "GuessCountry" */;
			compatibilityVersion = "Xcode 14.0";
			developmentRegion = en;
			hasScannedForEncodings = 0;
			knownRegions = (
				en,
				Base,
				ru,
			);
			mainGroup = CED6E44629FAF2CF003DE15E;
			productRefGroup = CED6E45029FAF2CF003DE15E /* Products */;
			projectDirPath = "";
			projectRoot = "";
			targets = (
				CED6E44E29FAF2CF003DE15E /* GuessCountry */,
			);
		};
/* End PBXProject section */

/* Begin PBXResourcesBuildPhase section */
		CED6E44D29FAF2CF003DE15E /* Resources */ = {
			isa = PBXResourcesBuildPhase;
			buildActionMask = 2147483647;
			files = (
				CED6E45A29FAF2D0003DE15E /* Preview Assets.xcassets in Resources */,
				CE5DB62C29FC1AFC005D4369 /* Localizable.strings in Resources */,
				CED6E45729FAF2D0003DE15E /* Assets.xcassets in Resources */,
			);
			runOnlyForDeploymentPostprocessing = 0;
		};
/* End PBXResourcesBuildPhase section */

/* Begin PBXSourcesBuildPhase section */
		CED6E44B29FAF2CF003DE15E /* Sources */ = {
			isa = PBXSourcesBuildPhase;
			buildActionMask = 2147483647;
			files = (
				CED6E46B29FAF3A4003DE15E /* MainView.swift in Sources */,
				CED6E46229FAF37B003DE15E /* DataManager.swift in Sources */,
				CED6E47429FAF448003DE15E /* ShimmerEffect.swift in Sources */,
				CED6E47229FAF442003DE15E /* TextModifiers.swift in Sources */,
				CED6E46C29FAF3A4003DE15E /* CountryView.swift in Sources */,
				CED6E46F29FAF401003DE15E /* WelcomeView.swift in Sources */,
				CED6E46329FAF37B003DE15E /* FlagView.swift in Sources */,
				CED6E45329FAF2CF003DE15E /* GuessCountryApp.swift in Sources */,
				CED6E46929FAF3A4003DE15E /* DataManegerCapitals.swift in Sources */,
				CED6E46A29FAF3A4003DE15E /* CapitalView.swift in Sources */,
				CED6E47629FAF932003DE15E /* SearchView.swift in Sources */,
			);
			runOnlyForDeploymentPostprocessing = 0;
		};
/* End PBXSourcesBuildPhase section */

/* Begin PBXVariantGroup section */
		CE5DB62E29FC1AFC005D4369 /* Localizable.strings */ = {
			isa = PBXVariantGroup;
			children = (
				CE5DB62D29FC1AFC005D4369 /* en */,
				CE5DB62F29FC1B00005D4369 /* ru */,
			);
			name = Localizable.strings;
			sourceTree = "<group>";
		};
/* End PBXVariantGroup section */

/* Begin XCBuildConfiguration section */
		CED6E45B29FAF2D0003DE15E /* Debug */ = {
			isa = XCBuildConfiguration;
			buildSettings = {
				ALWAYS_SEARCH_USER_PATHS = NO;
				CLANG_ANALYZER_NONNULL = YES;
				CLANG_ANALYZER_NUMBER_OBJECT_CONVERSION = YES_AGGRESSIVE;
				CLANG_CXX_LANGUAGE_STANDARD = "gnu++20";
				CLANG_ENABLE_MODULES = YES;
				CLANG_ENABLE_OBJC_ARC = YES;
				CLANG_ENABLE_OBJC_WEAK = YES;
				CLANG_WARN_BLOCK_CAPTURE_AUTORELEASING = YES;
				CLANG_WARN_BOOL_CONVERSION = YES;
				CLANG_WARN_COMMA = YES;
				CLANG_WARN_CONSTANT_CONVERSION = YES;
				CLANG_WARN_DEPRECATED_OBJC_IMPLEMENTATIONS = YES;
				CLANG_WARN_DIRECT_OBJC_ISA_USAGE = YES_ERROR;
				CLANG_WARN_DOCUMENTATION_COMMENTS = YES;
				CLANG_WARN_EMPTY_BODY = YES;
				CLANG_WARN_ENUM_CONVERSION = YES;
				CLANG_WARN_INFINITE_RECURSION = YES;
				CLANG_WARN_INT_CONVERSION = YES;
				CLANG_WARN_NON_LITERAL_NULL_CONVERSION = YES;
				CLANG_WARN_OBJC_IMPLICIT_RETAIN_SELF = YES;
				CLANG_WARN_OBJC_LITERAL_CONVERSION = YES;
				CLANG_WARN_OBJC_ROOT_CLASS = YES_ERROR;
				CLANG_WARN_QUOTED_INCLUDE_IN_FRAMEWORK_HEADER = YES;
				CLANG_WARN_RANGE_LOOP_ANALYSIS = YES;
				CLANG_WARN_STRICT_PROTOTYPES = YES;
				CLANG_WARN_SUSPICIOUS_MOVE = YES;
				CLANG_WARN_UNGUARDED_AVAILABILITY = YES_AGGRESSIVE;
				CLANG_WARN_UNREACHABLE_CODE = YES;
				CLANG_WARN__DUPLICATE_METHOD_MATCH = YES;
				COPY_PHASE_STRIP = NO;
				DEBUG_INFORMATION_FORMAT = dwarf;
				ENABLE_STRICT_OBJC_MSGSEND = YES;
				ENABLE_TESTABILITY = YES;
				GCC_C_LANGUAGE_STANDARD = gnu11;
				GCC_DYNAMIC_NO_PIC = NO;
				GCC_NO_COMMON_BLOCKS = YES;
				GCC_OPTIMIZATION_LEVEL = 0;
				GCC_PREPROCESSOR_DEFINITIONS = (
					"DEBUG=1",
					"$(inherited)",
				);
				GCC_WARN_64_TO_32_BIT_CONVERSION = YES;
				GCC_WARN_ABOUT_RETURN_TYPE = YES_ERROR;
				GCC_WARN_UNDECLARED_SELECTOR = YES;
				GCC_WARN_UNINITIALIZED_AUTOS = YES_AGGRESSIVE;
				GCC_WARN_UNUSED_FUNCTION = YES;
				GCC_WARN_UNUSED_VARIABLE = YES;
				IPHONEOS_DEPLOYMENT_TARGET = 16.4;
				MTL_ENABLE_DEBUG_INFO = INCLUDE_SOURCE;
				MTL_FAST_MATH = YES;
				ONLY_ACTIVE_ARCH = YES;
				SDKROOT = iphoneos;
				SWIFT_ACTIVE_COMPILATION_CONDITIONS = DEBUG;
				SWIFT_OPTIMIZATION_LEVEL = "-Onone";
			};
			name = Debug;
		};
		CED6E45C29FAF2D0003DE15E /* Release */ = {
			isa = XCBuildConfiguration;
			buildSettings = {
				ALWAYS_SEARCH_USER_PATHS = NO;
				CLANG_ANALYZER_NONNULL = YES;
				CLANG_ANALYZER_NUMBER_OBJECT_CONVERSION = YES_AGGRESSIVE;
				CLANG_CXX_LANGUAGE_STANDARD = "gnu++20";
				CLANG_ENABLE_MODULES = YES;
				CLANG_ENABLE_OBJC_ARC = YES;
				CLANG_ENABLE_OBJC_WEAK = YES;
				CLANG_WARN_BLOCK_CAPTURE_AUTORELEASING = YES;
				CLANG_WARN_BOOL_CONVERSION = YES;
				CLANG_WARN_COMMA = YES;
				CLANG_WARN_CONSTANT_CONVERSION = YES;
				CLANG_WARN_DEPRECATED_OBJC_IMPLEMENTATIONS = YES;
				CLANG_WARN_DIRECT_OBJC_ISA_USAGE = YES_ERROR;
				CLANG_WARN_DOCUMENTATION_COMMENTS = YES;
				CLANG_WARN_EMPTY_BODY = YES;
				CLANG_WARN_ENUM_CONVERSION = YES;
				CLANG_WARN_INFINITE_RECURSION = YES;
				CLANG_WARN_INT_CONVERSION = YES;
				CLANG_WARN_NON_LITERAL_NULL_CONVERSION = YES;
				CLANG_WARN_OBJC_IMPLICIT_RETAIN_SELF = YES;
				CLANG_WARN_OBJC_LITERAL_CONVERSION = YES;
				CLANG_WARN_OBJC_ROOT_CLASS = YES_ERROR;
				CLANG_WARN_QUOTED_INCLUDE_IN_FRAMEWORK_HEADER = YES;
				CLANG_WARN_RANGE_LOOP_ANALYSIS = YES;
				CLANG_WARN_STRICT_PROTOTYPES = YES;
				CLANG_WARN_SUSPICIOUS_MOVE = YES;
				CLANG_WARN_UNGUARDED_AVAILABILITY = YES_AGGRESSIVE;
				CLANG_WARN_UNREACHABLE_CODE = YES;
				CLANG_WARN__DUPLICATE_METHOD_MATCH = YES;
				COPY_PHASE_STRIP = NO;
				DEBUG_INFORMATION_FORMAT = "dwarf-with-dsym";
				ENABLE_NS_ASSERTIONS = NO;
				ENABLE_STRICT_OBJC_MSGSEND = YES;
				GCC_C_LANGUAGE_STANDARD = gnu11;
				GCC_NO_COMMON_BLOCKS = YES;
				GCC_WARN_64_TO_32_BIT_CONVERSION = YES;
				GCC_WARN_ABOUT_RETURN_TYPE = YES_ERROR;
				GCC_WARN_UNDECLARED_SELECTOR = YES;
				GCC_WARN_UNINITIALIZED_AUTOS = YES_AGGRESSIVE;
				GCC_WARN_UNUSED_FUNCTION = YES;
				GCC_WARN_UNUSED_VARIABLE = YES;
				IPHONEOS_DEPLOYMENT_TARGET = 16.4;
				MTL_ENABLE_DEBUG_INFO = NO;
				MTL_FAST_MATH = YES;
				SDKROOT = iphoneos;
				SWIFT_COMPILATION_MODE = wholemodule;
				SWIFT_OPTIMIZATION_LEVEL = "-O";
				VALIDATE_PRODUCT = YES;
			};
			name = Release;
		};
		CED6E45E29FAF2D0003DE15E /* Debug */ = {
			isa = XCBuildConfiguration;
			buildSettings = {
				ASSETCATALOG_COMPILER_APPICON_NAME = AppIcon;
				ASSETCATALOG_COMPILER_GLOBAL_ACCENT_COLOR_NAME = AccentColor;
				CODE_SIGN_STYLE = Automatic;
				CURRENT_PROJECT_VERSION = 1;
				DEVELOPMENT_ASSET_PATHS = "\"GuessCountry/Preview Content\"";
				DEVELOPMENT_TEAM = T59UNF3D6N;
				ENABLE_PREVIEWS = YES;
				GENERATE_INFOPLIST_FILE = YES;
				INFOPLIST_KEY_LSApplicationCategoryType = "public.app-category.kids-games";
				INFOPLIST_KEY_UIApplicationSceneManifest_Generation = YES;
				INFOPLIST_KEY_UIApplicationSupportsIndirectInputEvents = YES;
				INFOPLIST_KEY_UILaunchScreen_Generation = YES;
				INFOPLIST_KEY_UIRequiresFullScreen = YES;
				INFOPLIST_KEY_UIStatusBarStyle = "";
				INFOPLIST_KEY_UISupportedInterfaceOrientations = "UIInterfaceOrientationPortrait UIInterfaceOrientationPortraitUpsideDown";
				IPHONEOS_DEPLOYMENT_TARGET = 15.0;
				LD_RUNPATH_SEARCH_PATHS = (
					"$(inherited)",
					"@executable_path/Frameworks",
				);
				MARKETING_VERSION = 1.0;
				PRODUCT_BUNDLE_IDENTIFIER = VO.GuessCountry;
				PRODUCT_NAME = "$(TARGET_NAME)";
				SWIFT_EMIT_LOC_STRINGS = YES;
				SWIFT_VERSION = 5.0;
				TARGETED_DEVICE_FAMILY = "1,2";
			};
			name = Debug;
		};
		CED6E45F29FAF2D0003DE15E /* Release */ = {
			isa = XCBuildConfiguration;
			buildSettings = {
				ASSETCATALOG_COMPILER_APPICON_NAME = AppIcon;
				ASSETCATALOG_COMPILER_GLOBAL_ACCENT_COLOR_NAME = AccentColor;
				CODE_SIGN_STYLE = Automatic;
				CURRENT_PROJECT_VERSION = 1;
				DEVELOPMENT_ASSET_PATHS = "\"GuessCountry/Preview Content\"";
				DEVELOPMENT_TEAM = T59UNF3D6N;
				ENABLE_PREVIEWS = YES;
				GENERATE_INFOPLIST_FILE = YES;
				INFOPLIST_KEY_LSApplicationCategoryType = "public.app-category.kids-games";
				INFOPLIST_KEY_UIApplicationSceneManifest_Generation = YES;
				INFOPLIST_KEY_UIApplicationSupportsIndirectInputEvents = YES;
				INFOPLIST_KEY_UILaunchScreen_Generation = YES;
				INFOPLIST_KEY_UIRequiresFullScreen = YES;
				INFOPLIST_KEY_UIStatusBarStyle = "";
				INFOPLIST_KEY_UISupportedInterfaceOrientations = "UIInterfaceOrientationPortrait UIInterfaceOrientationPortraitUpsideDown";
				IPHONEOS_DEPLOYMENT_TARGET = 15.0;
				LD_RUNPATH_SEARCH_PATHS = (
					"$(inherited)",
					"@executable_path/Frameworks",
				);
				MARKETING_VERSION = 1.0;
				PRODUCT_BUNDLE_IDENTIFIER = VO.GuessCountry;
				PRODUCT_NAME = "$(TARGET_NAME)";
				SWIFT_EMIT_LOC_STRINGS = YES;
				SWIFT_VERSION = 5.0;
				TARGETED_DEVICE_FAMILY = "1,2";
			};
			name = Release;
		};
/* End XCBuildConfiguration section */

/* Begin XCConfigurationList section */
		CED6E44A29FAF2CF003DE15E /* Build configuration list for PBXProject "GuessCountry" */ = {
			isa = XCConfigurationList;
			buildConfigurations = (
				CED6E45B29FAF2D0003DE15E /* Debug */,
				CED6E45C29FAF2D0003DE15E /* Release */,
			);
			defaultConfigurationIsVisible = 0;
			defaultConfigurationName = Release;
		};
		CED6E45D29FAF2D0003DE15E /* Build configuration list for PBXNativeTarget "GuessCountry" */ = {
			isa = XCConfigurationList;
			buildConfigurations = (
				CED6E45E29FAF2D0003DE15E /* Debug */,
				CED6E45F29FAF2D0003DE15E /* Release */,
			);
			defaultConfigurationIsVisible = 0;
			defaultConfigurationName = Release;
		};
/* End XCConfigurationList section */
	};
	rootObject = CED6E44729FAF2CF003DE15E /* Project object */;
}
